
Microsoft Visual Studio Solution File, Format Version 12.00
# Visual Studio 14
VisualStudioVersion = 14.0.25420.1
MinimumVisualStudioVersion = 10.0.40219.1
Project("{2150E333-8FDC-42A3-9474-1A3956D46DE8}") = "Solution Items", "Solution Items", "{0BD97D14-1FD0-4075-B49D-C5295D1DF191}"
	ProjectSection(SolutionItems) = preProject
		README.md = README.md
	EndProjectSection
EndProject
Project("{FAE04EC0-301F-11D3-BF4B-00C04F79EFBC}") = "RepositorioGenerico.Entities", "RepositorioGenerico.Entities\RepositorioGenerico.Entities.csproj", "{D37A5DB4-4DCD-4DBA-8916-E5D15BBA1497}"
EndProject
Project("{FAE04EC0-301F-11D3-BF4B-00C04F79EFBC}") = "RepositorioGenerico.Entities.Test", "RepositorioGenerico.Entities.Test\RepositorioGenerico.Entities.Test.csproj", "{CCBD2BBA-A86A-4467-8C2A-DC08DAEE6D0F}"
EndProject
Project("{FAE04EC0-301F-11D3-BF4B-00C04F79EFBC}") = "RepositorioGenerico.Test", "RepositorioGenerico.Test\RepositorioGenerico.Test.csproj", "{0E2DCF2D-7FC3-42DD-A7B5-5854D4EE8B42}"
EndProject
Project("{FAE04EC0-301F-11D3-BF4B-00C04F79EFBC}") = "RepositorioGenerico.Fake", "RepositorioGenerico.Fake\RepositorioGenerico.Fake.csproj", "{D960BDA6-C9E3-4AAF-9AAD-F76F98E7439D}"
EndProject
Project("{FAE04EC0-301F-11D3-BF4B-00C04F79EFBC}") = "RepositorioGenerico.Fake.Test", "RepositorioGenerico.Fake.Test\RepositorioGenerico.Fake.Test.csproj", "{B7FD43B0-492A-41C0-A06F-C893F8819481}"
EndProject
Project("{FAE04EC0-301F-11D3-BF4B-00C04F79EFBC}") = "RepositorioGenerico.SqlClient", "RepositorioGenerico.SqlClient\RepositorioGenerico.SqlClient.csproj", "{BCBF1D03-158B-4213-A446-1A40E4D3F210}"
EndProject
Project("{FAE04EC0-301F-11D3-BF4B-00C04F79EFBC}") = "RepositorioGenerico.SqlClient.Test", "RepositorioGenerico.SqlClient.Test\RepositorioGenerico.SqlClient.Test.csproj", "{7CF65999-B0EE-4796-8ED0-F1CA0CDDAB97}"
EndProject
Project("{FAE04EC0-301F-11D3-BF4B-00C04F79EFBC}") = "RepositorioGenerico", "RepositorioGenerico\RepositorioGenerico.csproj", "{D736614D-5870-406C-80E3-A1647988FC69}"
EndProject
Project("{FAE04EC0-301F-11D3-BF4B-00C04F79EFBC}") = "RepositorioGenerico.Pattern", "RepositorioGenerico.Pattern\RepositorioGenerico.Pattern.csproj", "{DC4BE160-A1A2-4DA9-AF53-11108F0C7BD7}"
EndProject
Project("{2150E333-8FDC-42A3-9474-1A3956D46DE8}") = "Testes", "Testes", "{AAC1E12E-5C1D-42E4-B127-70FA6498BC31}"
EndProject
Global
	GlobalSection(SolutionConfigurationPlatforms) = preSolution
		Debug|Any CPU = Debug|Any CPU
		Release|Any CPU = Release|Any CPU
	EndGlobalSection
	GlobalSection(ProjectConfigurationPlatforms) = postSolution
		{D37A5DB4-4DCD-4DBA-8916-E5D15BBA1497}.Debug|Any CPU.ActiveCfg = Debug|Any CPU
		{D37A5DB4-4DCD-4DBA-8916-E5D15BBA1497}.Debug|Any CPU.Build.0 = Debug|Any CPU
		{D37A5DB4-4DCD-4DBA-8916-E5D15BBA1497}.Release|Any CPU.ActiveCfg = Release|Any CPU
		{D37A5DB4-4DCD-4DBA-8916-E5D15BBA1497}.Release|Any CPU.Build.0 = Release|Any CPU
		{CCBD2BBA-A86A-4467-8C2A-DC08DAEE6D0F}.Debug|Any CPU.ActiveCfg = Debug|Any CPU
		{CCBD2BBA-A86A-4467-8C2A-DC08DAEE6D0F}.Debug|Any CPU.Build.0 = Debug|Any CPU
		{CCBD2BBA-A86A-4467-8C2A-DC08DAEE6D0F}.Release|Any CPU.ActiveCfg = Release|Any CPU
		{CCBD2BBA-A86A-4467-8C2A-DC08DAEE6D0F}.Release|Any CPU.Build.0 = Release|Any CPU
		{0E2DCF2D-7FC3-42DD-A7B5-5854D4EE8B42}.Debug|Any CPU.ActiveCfg = Debug|Any CPU
		{0E2DCF2D-7FC3-42DD-A7B5-5854D4EE8B42}.Debug|Any CPU.Build.0 = Debug|Any CPU
		{0E2DCF2D-7FC3-42DD-A7B5-5854D4EE8B42}.Release|Any CPU.ActiveCfg = Release|Any CPU
		{0E2DCF2D-7FC3-42DD-A7B5-5854D4EE8B42}.Release|Any CPU.Build.0 = Release|Any CPU
		{D960BDA6-C9E3-4AAF-9AAD-F76F98E7439D}.Debug|Any CPU.ActiveCfg = Debug|Any CPU
		{D960BDA6-C9E3-4AAF-9AAD-F76F98E7439D}.Debug|Any CPU.Build.0 = Debug|Any CPU
		{D960BDA6-C9E3-4AAF-9AAD-F76F98E7439D}.Release|Any CPU.ActiveCfg = Release|Any CPU
		{D960BDA6-C9E3-4AAF-9AAD-F76F98E7439D}.Release|Any CPU.Build.0 = Release|Any CPU
		{B7FD43B0-492A-41C0-A06F-C893F8819481}.Debug|Any CPU.ActiveCfg = Debug|Any CPU
		{B7FD43B0-492A-41C0-A06F-C893F8819481}.Debug|Any CPU.Build.0 = Debug|Any CPU
		{B7FD43B0-492A-41C0-A06F-C893F8819481}.Release|Any CPU.ActiveCfg = Release|Any CPU
		{B7FD43B0-492A-41C0-A06F-C893F8819481}.Release|Any CPU.Build.0 = Release|Any CPU
		{BCBF1D03-158B-4213-A446-1A40E4D3F210}.Debug|Any CPU.ActiveCfg = Debug|Any CPU
		{BCBF1D03-158B-4213-A446-1A40E4D3F210}.Debug|Any CPU.Build.0 = Debug|Any CPU
		{BCBF1D03-158B-4213-A446-1A40E4D3F210}.Release|Any CPU.ActiveCfg = Release|Any CPU
		{BCBF1D03-158B-4213-A446-1A40E4D3F210}.Release|Any CPU.Build.0 = Release|Any CPU
		{7CF65999-B0EE-4796-8ED0-F1CA0CDDAB97}.Debug|Any CPU.ActiveCfg = Debug|Any CPU
		{7CF65999-B0EE-4796-8ED0-F1CA0CDDAB97}.Debug|Any CPU.Build.0 = Debug|Any CPU
		{7CF65999-B0EE-4796-8ED0-F1CA0CDDAB97}.Release|Any CPU.ActiveCfg = Release|Any CPU
		{7CF65999-B0EE-4796-8ED0-F1CA0CDDAB97}.Release|Any CPU.Build.0 = Release|Any CPU
		{D736614D-5870-406C-80E3-A1647988FC69}.Debug|Any CPU.ActiveCfg = Debug|Any CPU
		{D736614D-5870-406C-80E3-A1647988FC69}.Debug|Any CPU.Build.0 = Debug|Any CPU
		{D736614D-5870-406C-80E3-A1647988FC69}.Release|Any CPU.ActiveCfg = Release|Any CPU
		{D736614D-5870-406C-80E3-A1647988FC69}.Release|Any CPU.Build.0 = Release|Any CPU
		{DC4BE160-A1A2-4DA9-AF53-11108F0C7BD7}.Debug|Any CPU.ActiveCfg = Debug|Any CPU
		{DC4BE160-A1A2-4DA9-AF53-11108F0C7BD7}.Debug|Any CPU.Build.0 = Debug|Any CPU
		{DC4BE160-A1A2-4DA9-AF53-11108F0C7BD7}.Release|Any CPU.ActiveCfg = Release|Any CPU
		{DC4BE160-A1A2-4DA9-AF53-11108F0C7BD7}.Release|Any CPU.Build.0 = Release|Any CPU
	EndGlobalSection
	GlobalSection(SolutionProperties) = preSolution
		HideSolutionNode = FALSE
	EndGlobalSection
	GlobalSection(NestedProjects) = preSolution
		{CCBD2BBA-A86A-4467-8C2A-DC08DAEE6D0F} = {AAC1E12E-5C1D-42E4-B127-70FA6498BC31}
		{0E2DCF2D-7FC3-42DD-A7B5-5854D4EE8B42} = {AAC1E12E-5C1D-42E4-B127-70FA6498BC31}
		{B7FD43B0-492A-41C0-A06F-C893F8819481} = {AAC1E12E-5C1D-42E4-B127-70FA6498BC31}
		{7CF65999-B0EE-4796-8ED0-F1CA0CDDAB97} = {AAC1E12E-5C1D-42E4-B127-70FA6498BC31}
	EndGlobalSection
EndGlobal
