
Microsoft Visual Studio Solution File, Format Version 12.00
# Visual Studio 2013
VisualStudioVersion = 12.0.21005.1
MinimumVisualStudioVersion = 10.0.40219.1
Project("{2150E333-8FDC-42A3-9474-1A3956D46DE8}") = "Solution Items", "Solution Items", "{0BD97D14-1FD0-4075-B49D-C5295D1DF191}"
	ProjectSection(SolutionItems) = preProject
		README.md = README.md
	EndProjectSection
EndProject
Project("{FAE04EC0-301F-11D3-BF4B-00C04F79EFBC}") = "RepositorioGenerico.Entities", "RepositorioGenerico.Entities\RepositorioGenerico.Entities.csproj", "{D37A5DB4-4DCD-4DBA-8916-E5D15BBA1497}"
EndProject
Project("{FAE04EC0-301F-11D3-BF4B-00C04F79EFBC}") = "RepositorioGenerico.Entities.Test", "RepositorioGenerico.Entities.Test\RepositorioGenerico.Entities.Test.csproj", "{CCBD2BBA-A86A-4467-8C2A-DC08DAEE6D0F}"
EndProject
Project("{FAE04EC0-301F-11D3-BF4B-00C04F79EFBC}") = "RepositorioGenerico.Test", "RepositorioGenerico.Test\RepositorioGenerico.Test.csproj", "{0E2DCF2D-7FC3-42DD-A7B5-5854D4EE8B42}"
EndProject
Project("{FAE04EC0-301F-11D3-BF4B-00C04F79EFBC}") = "RepositorioGenerico.Pattern", "RepositorioGenerico.Pattern\RepositorioGenerico.Pattern.csproj", "{84FB8077-5393-478D-B4B4-E524332B5DDD}"
EndProject
Project("{FAE04EC0-301F-11D3-BF4B-00C04F79EFBC}") = "RepositorioGenerico.Exceptions", "RepositorioGenerico.Exceptions\RepositorioGenerico.Exceptions.csproj", "{A7E998C3-769E-47A6-BF19-C9D7274C8287}"
EndProject
Project("{FAE04EC0-301F-11D3-BF4B-00C04F79EFBC}") = "RepositorioGenerico.Framework", "RepositorioGenerico.Framework\RepositorioGenerico.Framework.csproj", "{53EB1B72-56B5-4E92-B331-EE5C9C38E80B}"
EndProject
Project("{FAE04EC0-301F-11D3-BF4B-00C04F79EFBC}") = "RepositorioGenerico.Framework.Test", "RepositorioGenerico.Framework.Test\RepositorioGenerico.Framework.Test.csproj", "{E086CAF0-0195-485B-A693-46ACB52D85F8}"
EndProject
Project("{FAE04EC0-301F-11D3-BF4B-00C04F79EFBC}") = "RepositorioGenerico.Fake", "RepositorioGenerico.Fake\RepositorioGenerico.Fake.csproj", "{D960BDA6-C9E3-4AAF-9AAD-F76F98E7439D}"
EndProject
Project("{FAE04EC0-301F-11D3-BF4B-00C04F79EFBC}") = "RepositorioGenerico.Fake.Test", "RepositorioGenerico.Fake.Test\RepositorioGenerico.Fake.Test.csproj", "{B7FD43B0-492A-41C0-A06F-C893F8819481}"
EndProject
Project("{FAE04EC0-301F-11D3-BF4B-00C04F79EFBC}") = "RepositorioGenerico.Search", "RepositorioGenerico.Search\RepositorioGenerico.Search.csproj", "{A3B44073-69DD-49BD-8B34-D5AE8A295E2C}"
EndProject
Project("{FAE04EC0-301F-11D3-BF4B-00C04F79EFBC}") = "RepositorioGenerico.Search.Test", "RepositorioGenerico.Search.Test\RepositorioGenerico.Search.Test.csproj", "{B740171B-3863-41FD-9DBB-7860BA945864}"
EndProject
Project("{FAE04EC0-301F-11D3-BF4B-00C04F79EFBC}") = "RepositorioGenerico.Dictionary", "RepositorioGenerico.Dictionary\RepositorioGenerico.Dictionary.csproj", "{9D2D5527-AE1F-4E34-BB44-B32021DEF5E8}"
EndProject
Project("{FAE04EC0-301F-11D3-BF4B-00C04F79EFBC}") = "RepositorioGenerico.Dictionary.Test", "RepositorioGenerico.Dictionary.Test\RepositorioGenerico.Dictionary.Test.csproj", "{7AB4B163-2CF3-4AF1-8069-AAA798EBC65E}"
EndProject
Global
	GlobalSection(SolutionConfigurationPlatforms) = preSolution
		Debug|Any CPU = Debug|Any CPU
		Release|Any CPU = Release|Any CPU
	EndGlobalSection
	GlobalSection(ProjectConfigurationPlatforms) = postSolution
		{D37A5DB4-4DCD-4DBA-8916-E5D15BBA1497}.Debug|Any CPU.ActiveCfg = Debug|Any CPU
		{D37A5DB4-4DCD-4DBA-8916-E5D15BBA1497}.Debug|Any CPU.Build.0 = Debug|Any CPU
		{D37A5DB4-4DCD-4DBA-8916-E5D15BBA1497}.Release|Any CPU.ActiveCfg = Release|Any CPU
		{D37A5DB4-4DCD-4DBA-8916-E5D15BBA1497}.Release|Any CPU.Build.0 = Release|Any CPU
		{CCBD2BBA-A86A-4467-8C2A-DC08DAEE6D0F}.Debug|Any CPU.ActiveCfg = Debug|Any CPU
		{CCBD2BBA-A86A-4467-8C2A-DC08DAEE6D0F}.Debug|Any CPU.Build.0 = Debug|Any CPU
		{CCBD2BBA-A86A-4467-8C2A-DC08DAEE6D0F}.Release|Any CPU.ActiveCfg = Release|Any CPU
		{CCBD2BBA-A86A-4467-8C2A-DC08DAEE6D0F}.Release|Any CPU.Build.0 = Release|Any CPU
		{0E2DCF2D-7FC3-42DD-A7B5-5854D4EE8B42}.Debug|Any CPU.ActiveCfg = Debug|Any CPU
		{0E2DCF2D-7FC3-42DD-A7B5-5854D4EE8B42}.Debug|Any CPU.Build.0 = Debug|Any CPU
		{0E2DCF2D-7FC3-42DD-A7B5-5854D4EE8B42}.Release|Any CPU.ActiveCfg = Release|Any CPU
		{0E2DCF2D-7FC3-42DD-A7B5-5854D4EE8B42}.Release|Any CPU.Build.0 = Release|Any CPU
		{84FB8077-5393-478D-B4B4-E524332B5DDD}.Debug|Any CPU.ActiveCfg = Debug|Any CPU
		{84FB8077-5393-478D-B4B4-E524332B5DDD}.Debug|Any CPU.Build.0 = Debug|Any CPU
		{84FB8077-5393-478D-B4B4-E524332B5DDD}.Release|Any CPU.ActiveCfg = Release|Any CPU
		{84FB8077-5393-478D-B4B4-E524332B5DDD}.Release|Any CPU.Build.0 = Release|Any CPU
		{A7E998C3-769E-47A6-BF19-C9D7274C8287}.Debug|Any CPU.ActiveCfg = Debug|Any CPU
		{A7E998C3-769E-47A6-BF19-C9D7274C8287}.Debug|Any CPU.Build.0 = Debug|Any CPU
		{A7E998C3-769E-47A6-BF19-C9D7274C8287}.Release|Any CPU.ActiveCfg = Release|Any CPU
		{A7E998C3-769E-47A6-BF19-C9D7274C8287}.Release|Any CPU.Build.0 = Release|Any CPU
		{53EB1B72-56B5-4E92-B331-EE5C9C38E80B}.Debug|Any CPU.ActiveCfg = Debug|Any CPU
		{53EB1B72-56B5-4E92-B331-EE5C9C38E80B}.Debug|Any CPU.Build.0 = Debug|Any CPU
		{53EB1B72-56B5-4E92-B331-EE5C9C38E80B}.Release|Any CPU.ActiveCfg = Release|Any CPU
		{53EB1B72-56B5-4E92-B331-EE5C9C38E80B}.Release|Any CPU.Build.0 = Release|Any CPU
		{E086CAF0-0195-485B-A693-46ACB52D85F8}.Debug|Any CPU.ActiveCfg = Debug|Any CPU
		{E086CAF0-0195-485B-A693-46ACB52D85F8}.Debug|Any CPU.Build.0 = Debug|Any CPU
		{E086CAF0-0195-485B-A693-46ACB52D85F8}.Release|Any CPU.ActiveCfg = Release|Any CPU
		{E086CAF0-0195-485B-A693-46ACB52D85F8}.Release|Any CPU.Build.0 = Release|Any CPU
		{D960BDA6-C9E3-4AAF-9AAD-F76F98E7439D}.Debug|Any CPU.ActiveCfg = Debug|Any CPU
		{D960BDA6-C9E3-4AAF-9AAD-F76F98E7439D}.Debug|Any CPU.Build.0 = Debug|Any CPU
		{D960BDA6-C9E3-4AAF-9AAD-F76F98E7439D}.Release|Any CPU.ActiveCfg = Release|Any CPU
		{D960BDA6-C9E3-4AAF-9AAD-F76F98E7439D}.Release|Any CPU.Build.0 = Release|Any CPU
		{B7FD43B0-492A-41C0-A06F-C893F8819481}.Debug|Any CPU.ActiveCfg = Debug|Any CPU
		{B7FD43B0-492A-41C0-A06F-C893F8819481}.Debug|Any CPU.Build.0 = Debug|Any CPU
		{B7FD43B0-492A-41C0-A06F-C893F8819481}.Release|Any CPU.ActiveCfg = Release|Any CPU
		{B7FD43B0-492A-41C0-A06F-C893F8819481}.Release|Any CPU.Build.0 = Release|Any CPU
		{A3B44073-69DD-49BD-8B34-D5AE8A295E2C}.Debug|Any CPU.ActiveCfg = Debug|Any CPU
		{A3B44073-69DD-49BD-8B34-D5AE8A295E2C}.Debug|Any CPU.Build.0 = Debug|Any CPU
		{A3B44073-69DD-49BD-8B34-D5AE8A295E2C}.Release|Any CPU.ActiveCfg = Release|Any CPU
		{A3B44073-69DD-49BD-8B34-D5AE8A295E2C}.Release|Any CPU.Build.0 = Release|Any CPU
		{B740171B-3863-41FD-9DBB-7860BA945864}.Debug|Any CPU.ActiveCfg = Debug|Any CPU
		{B740171B-3863-41FD-9DBB-7860BA945864}.Debug|Any CPU.Build.0 = Debug|Any CPU
		{B740171B-3863-41FD-9DBB-7860BA945864}.Release|Any CPU.ActiveCfg = Release|Any CPU
		{B740171B-3863-41FD-9DBB-7860BA945864}.Release|Any CPU.Build.0 = Release|Any CPU
		{9D2D5527-AE1F-4E34-BB44-B32021DEF5E8}.Debug|Any CPU.ActiveCfg = Debug|Any CPU
		{9D2D5527-AE1F-4E34-BB44-B32021DEF5E8}.Debug|Any CPU.Build.0 = Debug|Any CPU
		{9D2D5527-AE1F-4E34-BB44-B32021DEF5E8}.Release|Any CPU.ActiveCfg = Release|Any CPU
		{9D2D5527-AE1F-4E34-BB44-B32021DEF5E8}.Release|Any CPU.Build.0 = Release|Any CPU
		{7AB4B163-2CF3-4AF1-8069-AAA798EBC65E}.Debug|Any CPU.ActiveCfg = Debug|Any CPU
		{7AB4B163-2CF3-4AF1-8069-AAA798EBC65E}.Debug|Any CPU.Build.0 = Debug|Any CPU
		{7AB4B163-2CF3-4AF1-8069-AAA798EBC65E}.Release|Any CPU.ActiveCfg = Release|Any CPU
		{7AB4B163-2CF3-4AF1-8069-AAA798EBC65E}.Release|Any CPU.Build.0 = Release|Any CPU
	EndGlobalSection
	GlobalSection(SolutionProperties) = preSolution
		HideSolutionNode = FALSE
	EndGlobalSection
EndGlobal
