
Microsoft Visual Studio Solution File, Format Version 12.00
# Visual Studio 14
VisualStudioVersion = 14.0.25420.1
MinimumVisualStudioVersion = 10.0.40219.1
Project("{2150E333-8FDC-42A3-9474-1A3956D46DE8}") = "Solution Items", "Solution Items", "{0BD97D14-1FD0-4075-B49D-C5295D1DF191}"
	ProjectSection(SolutionItems) = preProject
		README.md = README.md
	EndProjectSection
EndProject
Project("{FAE04EC0-301F-11D3-BF4B-00C04F79EFBC}") = "RepositorioGenerico.Entities", "Source\RepositorioGenerico.Entities\RepositorioGenerico.Entities.csproj", "{D37A5DB4-4DCD-4DBA-8916-E5D15BBA1497}"
EndProject
Project("{FAE04EC0-301F-11D3-BF4B-00C04F79EFBC}") = "RepositorioGenerico.Entities.Test", "Source\Tests\RepositorioGenerico.Entities.Test\RepositorioGenerico.Entities.Test.csproj", "{CCBD2BBA-A86A-4467-8C2A-DC08DAEE6D0F}"
EndProject
Project("{FAE04EC0-301F-11D3-BF4B-00C04F79EFBC}") = "RepositorioGenerico.Test", "Source\Tests\RepositorioGenerico.Test\RepositorioGenerico.Test.csproj", "{0E2DCF2D-7FC3-42DD-A7B5-5854D4EE8B42}"
EndProject
Project("{FAE04EC0-301F-11D3-BF4B-00C04F79EFBC}") = "RepositorioGenerico.Fake", "Source\RepositorioGenerico.Fake\RepositorioGenerico.Fake.csproj", "{D960BDA6-C9E3-4AAF-9AAD-F76F98E7439D}"
EndProject
Project("{FAE04EC0-301F-11D3-BF4B-00C04F79EFBC}") = "RepositorioGenerico.Fake.Test", "Source\Tests\RepositorioGenerico.Fake.Test\RepositorioGenerico.Fake.Test.csproj", "{B7FD43B0-492A-41C0-A06F-C893F8819481}"
EndProject
Project("{FAE04EC0-301F-11D3-BF4B-00C04F79EFBC}") = "RepositorioGenerico.SqlClient", "Source\RepositorioGenerico.SqlClient\RepositorioGenerico.SqlClient.csproj", "{BCBF1D03-158B-4213-A446-1A40E4D3F210}"
EndProject
Project("{FAE04EC0-301F-11D3-BF4B-00C04F79EFBC}") = "RepositorioGenerico.SqlClient.Test", "Source\Tests\RepositorioGenerico.SqlClient.Test\RepositorioGenerico.SqlClient.Test.csproj", "{7CF65999-B0EE-4796-8ED0-F1CA0CDDAB97}"
EndProject
Project("{FAE04EC0-301F-11D3-BF4B-00C04F79EFBC}") = "RepositorioGenerico", "Source\RepositorioGenerico\RepositorioGenerico.csproj", "{D736614D-5870-406C-80E3-A1647988FC69}"
EndProject
Project("{FAE04EC0-301F-11D3-BF4B-00C04F79EFBC}") = "RepositorioGenerico.Pattern", "Source\RepositorioGenerico.Pattern\RepositorioGenerico.Pattern.csproj", "{DC4BE160-A1A2-4DA9-AF53-11108F0C7BD7}"
EndProject
Project("{2150E333-8FDC-42A3-9474-1A3956D46DE8}") = "Testes", "Testes", "{AAC1E12E-5C1D-42E4-B127-70FA6498BC31}"
EndProject
Project("{FAE04EC0-301F-11D3-BF4B-00C04F79EFBC}") = "RepositorioGenerico.SqlClient.Autofac", "Source\RepositorioGenerico.SqlClient.Autofac\RepositorioGenerico.SqlClient.Autofac.csproj", "{75F4CE2B-BD29-4547-981C-0B9334C49BC0}"
EndProject
Project("{2150E333-8FDC-42A3-9474-1A3956D46DE8}") = "Samples", "Samples", "{75C528E9-EB16-4747-AB9D-32D79C33FC1F}"
	ProjectSection(SolutionItems) = preProject
		Samples\database.sql = Samples\database.sql
		Samples\procedures.sql = Samples\procedures.sql
	EndProjectSection
EndProject
Project("{FAE04EC0-301F-11D3-BF4B-00C04F79EFBC}") = "Business", "Samples\Business\Business.csproj", "{08476C78-5854-49E2-987E-AE90CF79F9A2}"
EndProject
Project("{FAE04EC0-301F-11D3-BF4B-00C04F79EFBC}") = "Entities", "Samples\Entities\Entities.csproj", "{7E1AB1E3-8F86-41AF-8EAD-1D883F37350D}"
EndProject
Project("{FAE04EC0-301F-11D3-BF4B-00C04F79EFBC}") = "Business.Test", "Samples\Business.Test\Business.Test.csproj", "{DF2664FD-2124-486F-8005-285A5E784A26}"
EndProject
Project("{2150E333-8FDC-42A3-9474-1A3956D46DE8}") = "Tools", "Tools", "{9380E1F4-AA27-4B30-878F-3ED357396282}"
EndProject
Project("{FAE04EC0-301F-11D3-BF4B-00C04F79EFBC}") = "ConverterBancoParaEntidades", "Tools\ConverterBancoParaEntidades\ConverterBancoParaEntidades.csproj", "{0565248E-AA08-42B6-9002-DD36486A488D}"
EndProject
Project("{FAE04EC0-301F-11D3-BF4B-00C04F79EFBC}") = "Business.Mvc", "Samples\Business.Mvc\Business.Mvc.csproj", "{6FDEA806-61F9-458E-9267-F6BB49135E2A}"
EndProject
Global
	GlobalSection(SolutionConfigurationPlatforms) = preSolution
		Debug|Any CPU = Debug|Any CPU
		Release|Any CPU = Release|Any CPU
	EndGlobalSection
	GlobalSection(ProjectConfigurationPlatforms) = postSolution
		{D37A5DB4-4DCD-4DBA-8916-E5D15BBA1497}.Debug|Any CPU.ActiveCfg = Debug|Any CPU
		{D37A5DB4-4DCD-4DBA-8916-E5D15BBA1497}.Debug|Any CPU.Build.0 = Debug|Any CPU
		{D37A5DB4-4DCD-4DBA-8916-E5D15BBA1497}.Release|Any CPU.ActiveCfg = Release|Any CPU
		{D37A5DB4-4DCD-4DBA-8916-E5D15BBA1497}.Release|Any CPU.Build.0 = Release|Any CPU
		{CCBD2BBA-A86A-4467-8C2A-DC08DAEE6D0F}.Debug|Any CPU.ActiveCfg = Debug|Any CPU
		{CCBD2BBA-A86A-4467-8C2A-DC08DAEE6D0F}.Debug|Any CPU.Build.0 = Debug|Any CPU
		{CCBD2BBA-A86A-4467-8C2A-DC08DAEE6D0F}.Release|Any CPU.ActiveCfg = Release|Any CPU
		{CCBD2BBA-A86A-4467-8C2A-DC08DAEE6D0F}.Release|Any CPU.Build.0 = Release|Any CPU
		{0E2DCF2D-7FC3-42DD-A7B5-5854D4EE8B42}.Debug|Any CPU.ActiveCfg = Debug|Any CPU
		{0E2DCF2D-7FC3-42DD-A7B5-5854D4EE8B42}.Debug|Any CPU.Build.0 = Debug|Any CPU
		{0E2DCF2D-7FC3-42DD-A7B5-5854D4EE8B42}.Release|Any CPU.ActiveCfg = Release|Any CPU
		{0E2DCF2D-7FC3-42DD-A7B5-5854D4EE8B42}.Release|Any CPU.Build.0 = Release|Any CPU
		{D960BDA6-C9E3-4AAF-9AAD-F76F98E7439D}.Debug|Any CPU.ActiveCfg = Debug|Any CPU
		{D960BDA6-C9E3-4AAF-9AAD-F76F98E7439D}.Debug|Any CPU.Build.0 = Debug|Any CPU
		{D960BDA6-C9E3-4AAF-9AAD-F76F98E7439D}.Release|Any CPU.ActiveCfg = Release|Any CPU
		{D960BDA6-C9E3-4AAF-9AAD-F76F98E7439D}.Release|Any CPU.Build.0 = Release|Any CPU
		{B7FD43B0-492A-41C0-A06F-C893F8819481}.Debug|Any CPU.ActiveCfg = Debug|Any CPU
		{B7FD43B0-492A-41C0-A06F-C893F8819481}.Debug|Any CPU.Build.0 = Debug|Any CPU
		{B7FD43B0-492A-41C0-A06F-C893F8819481}.Release|Any CPU.ActiveCfg = Release|Any CPU
		{B7FD43B0-492A-41C0-A06F-C893F8819481}.Release|Any CPU.Build.0 = Release|Any CPU
		{BCBF1D03-158B-4213-A446-1A40E4D3F210}.Debug|Any CPU.ActiveCfg = Debug|Any CPU
		{BCBF1D03-158B-4213-A446-1A40E4D3F210}.Debug|Any CPU.Build.0 = Debug|Any CPU
		{BCBF1D03-158B-4213-A446-1A40E4D3F210}.Release|Any CPU.ActiveCfg = Release|Any CPU
		{BCBF1D03-158B-4213-A446-1A40E4D3F210}.Release|Any CPU.Build.0 = Release|Any CPU
		{7CF65999-B0EE-4796-8ED0-F1CA0CDDAB97}.Debug|Any CPU.ActiveCfg = Debug|Any CPU
		{7CF65999-B0EE-4796-8ED0-F1CA0CDDAB97}.Debug|Any CPU.Build.0 = Debug|Any CPU
		{7CF65999-B0EE-4796-8ED0-F1CA0CDDAB97}.Release|Any CPU.ActiveCfg = Release|Any CPU
		{7CF65999-B0EE-4796-8ED0-F1CA0CDDAB97}.Release|Any CPU.Build.0 = Release|Any CPU
		{D736614D-5870-406C-80E3-A1647988FC69}.Debug|Any CPU.ActiveCfg = Debug|Any CPU
		{D736614D-5870-406C-80E3-A1647988FC69}.Debug|Any CPU.Build.0 = Debug|Any CPU
		{D736614D-5870-406C-80E3-A1647988FC69}.Release|Any CPU.ActiveCfg = Release|Any CPU
		{D736614D-5870-406C-80E3-A1647988FC69}.Release|Any CPU.Build.0 = Release|Any CPU
		{DC4BE160-A1A2-4DA9-AF53-11108F0C7BD7}.Debug|Any CPU.ActiveCfg = Debug|Any CPU
		{DC4BE160-A1A2-4DA9-AF53-11108F0C7BD7}.Debug|Any CPU.Build.0 = Debug|Any CPU
		{DC4BE160-A1A2-4DA9-AF53-11108F0C7BD7}.Release|Any CPU.ActiveCfg = Release|Any CPU
		{DC4BE160-A1A2-4DA9-AF53-11108F0C7BD7}.Release|Any CPU.Build.0 = Release|Any CPU
		{75F4CE2B-BD29-4547-981C-0B9334C49BC0}.Debug|Any CPU.ActiveCfg = Debug|Any CPU
		{75F4CE2B-BD29-4547-981C-0B9334C49BC0}.Debug|Any CPU.Build.0 = Debug|Any CPU
		{75F4CE2B-BD29-4547-981C-0B9334C49BC0}.Release|Any CPU.ActiveCfg = Release|Any CPU
		{75F4CE2B-BD29-4547-981C-0B9334C49BC0}.Release|Any CPU.Build.0 = Release|Any CPU
		{08476C78-5854-49E2-987E-AE90CF79F9A2}.Debug|Any CPU.ActiveCfg = Debug|Any CPU
		{08476C78-5854-49E2-987E-AE90CF79F9A2}.Debug|Any CPU.Build.0 = Debug|Any CPU
		{08476C78-5854-49E2-987E-AE90CF79F9A2}.Release|Any CPU.ActiveCfg = Release|Any CPU
		{08476C78-5854-49E2-987E-AE90CF79F9A2}.Release|Any CPU.Build.0 = Release|Any CPU
		{7E1AB1E3-8F86-41AF-8EAD-1D883F37350D}.Debug|Any CPU.ActiveCfg = Debug|Any CPU
		{7E1AB1E3-8F86-41AF-8EAD-1D883F37350D}.Debug|Any CPU.Build.0 = Debug|Any CPU
		{7E1AB1E3-8F86-41AF-8EAD-1D883F37350D}.Release|Any CPU.ActiveCfg = Release|Any CPU
		{7E1AB1E3-8F86-41AF-8EAD-1D883F37350D}.Release|Any CPU.Build.0 = Release|Any CPU
		{DF2664FD-2124-486F-8005-285A5E784A26}.Debug|Any CPU.ActiveCfg = Debug|Any CPU
		{DF2664FD-2124-486F-8005-285A5E784A26}.Debug|Any CPU.Build.0 = Debug|Any CPU
		{DF2664FD-2124-486F-8005-285A5E784A26}.Release|Any CPU.ActiveCfg = Release|Any CPU
		{DF2664FD-2124-486F-8005-285A5E784A26}.Release|Any CPU.Build.0 = Release|Any CPU
		{0565248E-AA08-42B6-9002-DD36486A488D}.Debug|Any CPU.ActiveCfg = Debug|Any CPU
		{0565248E-AA08-42B6-9002-DD36486A488D}.Debug|Any CPU.Build.0 = Debug|Any CPU
		{0565248E-AA08-42B6-9002-DD36486A488D}.Release|Any CPU.ActiveCfg = Release|Any CPU
		{0565248E-AA08-42B6-9002-DD36486A488D}.Release|Any CPU.Build.0 = Release|Any CPU
		{6FDEA806-61F9-458E-9267-F6BB49135E2A}.Debug|Any CPU.ActiveCfg = Debug|Any CPU
		{6FDEA806-61F9-458E-9267-F6BB49135E2A}.Debug|Any CPU.Build.0 = Debug|Any CPU
		{6FDEA806-61F9-458E-9267-F6BB49135E2A}.Release|Any CPU.ActiveCfg = Release|Any CPU
		{6FDEA806-61F9-458E-9267-F6BB49135E2A}.Release|Any CPU.Build.0 = Release|Any CPU
	EndGlobalSection
	GlobalSection(SolutionProperties) = preSolution
		HideSolutionNode = FALSE
	EndGlobalSection
	GlobalSection(NestedProjects) = preSolution
		{0BD97D14-1FD0-4075-B49D-C5295D1DF191} = {75C528E9-EB16-4747-AB9D-32D79C33FC1F}
		{CCBD2BBA-A86A-4467-8C2A-DC08DAEE6D0F} = {AAC1E12E-5C1D-42E4-B127-70FA6498BC31}
		{0E2DCF2D-7FC3-42DD-A7B5-5854D4EE8B42} = {AAC1E12E-5C1D-42E4-B127-70FA6498BC31}
		{B7FD43B0-492A-41C0-A06F-C893F8819481} = {AAC1E12E-5C1D-42E4-B127-70FA6498BC31}
		{7CF65999-B0EE-4796-8ED0-F1CA0CDDAB97} = {AAC1E12E-5C1D-42E4-B127-70FA6498BC31}
		{08476C78-5854-49E2-987E-AE90CF79F9A2} = {75C528E9-EB16-4747-AB9D-32D79C33FC1F}
		{7E1AB1E3-8F86-41AF-8EAD-1D883F37350D} = {75C528E9-EB16-4747-AB9D-32D79C33FC1F}
		{DF2664FD-2124-486F-8005-285A5E784A26} = {75C528E9-EB16-4747-AB9D-32D79C33FC1F}
		{0565248E-AA08-42B6-9002-DD36486A488D} = {9380E1F4-AA27-4B30-878F-3ED357396282}
		{6FDEA806-61F9-458E-9267-F6BB49135E2A} = {75C528E9-EB16-4747-AB9D-32D79C33FC1F}
	EndGlobalSection
EndGlobal
